
Microsoft Visual Studio Solution File, Format Version 12.00
# Visual Studio 15
Project("{FAE04EC0-301F-11D3-BF4B-00C04F79EFBC}") = "SteamVR", "SteamVR.csproj", "{72EFF914-09D7-E051-9AB9-E8A01805EA6F}"
EndProject
Project("{FAE04EC0-301F-11D3-BF4B-00C04F79EFBC}") = "Assembly-CSharp", "Assembly-CSharp.csproj", "{063A793F-737D-816B-D718-DA6C5D0AB4B4}"
EndProject
Project("{FAE04EC0-301F-11D3-BF4B-00C04F79EFBC}") = "SteamVR_Actions", "SteamVR_Actions.csproj", "{A9EEB088-B753-1EF9-201D-242387D0281B}"
EndProject
Project("{FAE04EC0-301F-11D3-BF4B-00C04F79EFBC}") = "SteamVR_Input_Editor", "SteamVR_Input_Editor.csproj", "{3EDC50C7-B7B5-5728-5AE2-7561411A357A}"
EndProject
Project("{FAE04EC0-301F-11D3-BF4B-00C04F79EFBC}") = "SteamVR_Editor", "SteamVR_Editor.csproj", "{B865E9C7-7401-0179-5BE5-2284C734F8A4}"
EndProject
Project("{FAE04EC0-301F-11D3-BF4B-00C04F79EFBC}") = "SteamVR_Windows_EditorHelper", "SteamVR_Windows_EditorHelper.csproj", "{CE88FAC6-764A-211A-64C4-ACF3048B4DFC}"
EndProject
Global
	GlobalSection(SolutionConfigurationPlatforms) = preSolution
		Debug|Any CPU = Debug|Any CPU
		Release|Any CPU = Release|Any CPU
	EndGlobalSection
	GlobalSection(ProjectConfigurationPlatforms) = postSolution
		{72EFF914-09D7-E051-9AB9-E8A01805EA6F}.Debug|Any CPU.ActiveCfg = Debug|Any CPU
		{72EFF914-09D7-E051-9AB9-E8A01805EA6F}.Debug|Any CPU.Build.0 = Debug|Any CPU
		{72EFF914-09D7-E051-9AB9-E8A01805EA6F}.Release|Any CPU.ActiveCfg = Release|Any CPU
		{72EFF914-09D7-E051-9AB9-E8A01805EA6F}.Release|Any CPU.Build.0 = Release|Any CPU
		{063A793F-737D-816B-D718-DA6C5D0AB4B4}.Debug|Any CPU.ActiveCfg = Debug|Any CPU
		{063A793F-737D-816B-D718-DA6C5D0AB4B4}.Debug|Any CPU.Build.0 = Debug|Any CPU
		{063A793F-737D-816B-D718-DA6C5D0AB4B4}.Release|Any CPU.ActiveCfg = Release|Any CPU
		{063A793F-737D-816B-D718-DA6C5D0AB4B4}.Release|Any CPU.Build.0 = Release|Any CPU
		{A9EEB088-B753-1EF9-201D-242387D0281B}.Debug|Any CPU.ActiveCfg = Debug|Any CPU
		{A9EEB088-B753-1EF9-201D-242387D0281B}.Debug|Any CPU.Build.0 = Debug|Any CPU
		{A9EEB088-B753-1EF9-201D-242387D0281B}.Release|Any CPU.ActiveCfg = Release|Any CPU
		{A9EEB088-B753-1EF9-201D-242387D0281B}.Release|Any CPU.Build.0 = Release|Any CPU
		{3EDC50C7-B7B5-5728-5AE2-7561411A357A}.Debug|Any CPU.ActiveCfg = Debug|Any CPU
		{3EDC50C7-B7B5-5728-5AE2-7561411A357A}.Debug|Any CPU.Build.0 = Debug|Any CPU
		{3EDC50C7-B7B5-5728-5AE2-7561411A357A}.Release|Any CPU.ActiveCfg = Release|Any CPU
		{3EDC50C7-B7B5-5728-5AE2-7561411A357A}.Release|Any CPU.Build.0 = Release|Any CPU
		{B865E9C7-7401-0179-5BE5-2284C734F8A4}.Debug|Any CPU.ActiveCfg = Debug|Any CPU
		{B865E9C7-7401-0179-5BE5-2284C734F8A4}.Debug|Any CPU.Build.0 = Debug|Any CPU
		{B865E9C7-7401-0179-5BE5-2284C734F8A4}.Release|Any CPU.ActiveCfg = Release|Any CPU
		{B865E9C7-7401-0179-5BE5-2284C734F8A4}.Release|Any CPU.Build.0 = Release|Any CPU
		{CE88FAC6-764A-211A-64C4-ACF3048B4DFC}.Debug|Any CPU.ActiveCfg = Debug|Any CPU
		{CE88FAC6-764A-211A-64C4-ACF3048B4DFC}.Debug|Any CPU.Build.0 = Debug|Any CPU
		{CE88FAC6-764A-211A-64C4-ACF3048B4DFC}.Release|Any CPU.ActiveCfg = Release|Any CPU
		{CE88FAC6-764A-211A-64C4-ACF3048B4DFC}.Release|Any CPU.Build.0 = Release|Any CPU
	EndGlobalSection
	GlobalSection(SolutionProperties) = preSolution
		HideSolutionNode = FALSE
	EndGlobalSection
EndGlobal
